
Microsoft Visual Studio Solution File, Format Version 11.00
# Visual Studio 2010
Project("{FAE04EC0-301F-11D3-BF4B-00C04F79EFBC}") = "Assembly-CSharp", "Assembly-CSharp.csproj", "{73315303-326E-5DC7-93C8-DDF8A2211681}"
EndProject
Project("{FAE04EC0-301F-11D3-BF4B-00C04F79EFBC}") = "Assembly-CSharp-Editor", "Assembly-CSharp-Editor.csproj", "{AAA3A4F1-0993-8456-652E-69AF03A22330}"
EndProject
Global
	GlobalSection(SolutionConfigurationPlatforms) = preSolution
		Debug|Any CPU = Debug|Any CPU
		Release|Any CPU = Release|Any CPU
	EndGlobalSection
	GlobalSection(ProjectConfigurationPlatforms) = postSolution
		{73315303-326E-5DC7-93C8-DDF8A2211681}.Debug|Any CPU.ActiveCfg = Debug|Any CPU
		{73315303-326E-5DC7-93C8-DDF8A2211681}.Debug|Any CPU.Build.0 = Debug|Any CPU
		{73315303-326E-5DC7-93C8-DDF8A2211681}.Release|Any CPU.ActiveCfg = Release|Any CPU
		{73315303-326E-5DC7-93C8-DDF8A2211681}.Release|Any CPU.Build.0 = Release|Any CPU
		{AAA3A4F1-0993-8456-652E-69AF03A22330}.Debug|Any CPU.ActiveCfg = Debug|Any CPU
		{AAA3A4F1-0993-8456-652E-69AF03A22330}.Debug|Any CPU.Build.0 = Debug|Any CPU
		{AAA3A4F1-0993-8456-652E-69AF03A22330}.Release|Any CPU.ActiveCfg = Release|Any CPU
		{AAA3A4F1-0993-8456-652E-69AF03A22330}.Release|Any CPU.Build.0 = Release|Any CPU
	EndGlobalSection
	GlobalSection(SolutionProperties) = preSolution
		HideSolutionNode = FALSE
	EndGlobalSection
	GlobalSection(MonoDevelopProperties) = preSolution
		StartupItem = Assembly-CSharp.csproj
	EndGlobalSection
EndGlobal
